
Microsoft Visual Studio Solution File, Format Version 12.00
# Visual Studio 2015
Project("{FAE04EC0-301F-11D3-BF4B-00C04F79EFBC}") = "Unity-NGT-Prototype-Project.CSharp", "Unity-NGT-Prototype-Project.CSharp.csproj", "{62DECF47-80A5-52DF-5B44-9D3BC6134315}"
EndProject
Global
	GlobalSection(SolutionConfigurationPlatforms) = preSolution
		Debug|Any CPU = Debug|Any CPU
		Release|Any CPU = Release|Any CPU
	EndGlobalSection
	GlobalSection(ProjectConfigurationPlatforms) = postSolution
		{62DECF47-80A5-52DF-5B44-9D3BC6134315}.Debug|Any CPU.ActiveCfg = Debug|Any CPU
		{62DECF47-80A5-52DF-5B44-9D3BC6134315}.Debug|Any CPU.Build.0 = Debug|Any CPU
		{62DECF47-80A5-52DF-5B44-9D3BC6134315}.Release|Any CPU.ActiveCfg = Release|Any CPU
		{62DECF47-80A5-52DF-5B44-9D3BC6134315}.Release|Any CPU.Build.0 = Release|Any CPU
	EndGlobalSection
	GlobalSection(SolutionProperties) = preSolution
		HideSolutionNode = FALSE
	EndGlobalSection
EndGlobal
